// !$*UTF8*$!
{
	archiveVersion = 1;
	classes = {
	};
	objectVersion = 50;
	objects = {

/* Begin PBXBuildFile section */
		9B0FEAFC229243FE009E84A5 /* CJDownloadModel.m in Sources */ = {isa = PBXBuildFile; fileRef = 9B0FEAFB229243FE009E84A5 /* CJDownloadModel.m */; };
		9B0FEB0B2293936C009E84A5 /* ShowTableViewCell.m in Sources */ = {isa = PBXBuildFile; fileRef = 9B0FEB0A2293936C009E84A5 /* ShowTableViewCell.m */; };
		9B0FEB0E2293DEFD009E84A5 /* downPause@2x.png in Resources */ = {isa = PBXBuildFile; fileRef = 9B0FEB0C2293DEFD009E84A5 /* downPause@2x.png */; };
		9B0FEB0F2293DEFD009E84A5 /* downPause@1x.png in Resources */ = {isa = PBXBuildFile; fileRef = 9B0FEB0D2293DEFD009E84A5 /* downPause@1x.png */; };
		9B0FEB122293DF1E009E84A5 /* downPlay@2x.png in Resources */ = {isa = PBXBuildFile; fileRef = 9B0FEB102293DF1D009E84A5 /* downPlay@2x.png */; };
		9B0FEB132293DF1E009E84A5 /* downPlay@1x.png in Resources */ = {isa = PBXBuildFile; fileRef = 9B0FEB112293DF1E009E84A5 /* downPlay@1x.png */; };
		9B35480F2282C95A0048CD2C /* AppDelegate.m in Sources */ = {isa = PBXBuildFile; fileRef = 9B35480E2282C95A0048CD2C /* AppDelegate.m */; };
		9B3548122282C95A0048CD2C /* ViewController.m in Sources */ = {isa = PBXBuildFile; fileRef = 9B3548112282C95A0048CD2C /* ViewController.m */; };
		9B3548152282C95A0048CD2C /* Main.storyboard in Resources */ = {isa = PBXBuildFile; fileRef = 9B3548132282C95A0048CD2C /* Main.storyboard */; };
		9B3548172282C95D0048CD2C /* Assets.xcassets in Resources */ = {isa = PBXBuildFile; fileRef = 9B3548162282C95D0048CD2C /* Assets.xcassets */; };
		9B35481A2282C95D0048CD2C /* LaunchScreen.storyboard in Resources */ = {isa = PBXBuildFile; fileRef = 9B3548182282C95D0048CD2C /* LaunchScreen.storyboard */; };
		9B35481D2282C95D0048CD2C /* main.m in Sources */ = {isa = PBXBuildFile; fileRef = 9B35481C2282C95D0048CD2C /* main.m */; };
		9B3548272282C95D0048CD2C /* DownloadManagerTests.m in Sources */ = {isa = PBXBuildFile; fileRef = 9B3548262282C95D0048CD2C /* DownloadManagerTests.m */; };
		9B3548322282C95D0048CD2C /* DownloadManagerUITests.m in Sources */ = {isa = PBXBuildFile; fileRef = 9B3548312282C95D0048CD2C /* DownloadManagerUITests.m */; };
		9B76CCF0228BA7FC00372D70 /* TwoViewController.m in Sources */ = {isa = PBXBuildFile; fileRef = 9B76CCEF228BA7FC00372D70 /* TwoViewController.m */; };
		9B76CCF3228BB14A00372D70 /* DownTableViewCell.m in Sources */ = {isa = PBXBuildFile; fileRef = 9B76CCF2228BB14A00372D70 /* DownTableViewCell.m */; };
		9B76CCFA228BB8FD00372D70 /* DownloadedController.m in Sources */ = {isa = PBXBuildFile; fileRef = 9B76CCF9228BB8FD00372D70 /* DownloadedController.m */; };
		9B76CD0A228BEBBC00372D70 /* AFURLResponseSerialization.m in Sources */ = {isa = PBXBuildFile; fileRef = 9B76CD00228BEBBC00372D70 /* AFURLResponseSerialization.m */; };
		9B76CD0B228BEBBC00372D70 /* AFHTTPSessionManager.m in Sources */ = {isa = PBXBuildFile; fileRef = 9B76CD01228BEBBC00372D70 /* AFHTTPSessionManager.m */; };
		9B76CD0C228BEBBC00372D70 /* AFURLSessionManager.m in Sources */ = {isa = PBXBuildFile; fileRef = 9B76CD03228BEBBC00372D70 /* AFURLSessionManager.m */; };
		9B76CD0D228BEBBC00372D70 /* AFURLRequestSerialization.m in Sources */ = {isa = PBXBuildFile; fileRef = 9B76CD04228BEBBC00372D70 /* AFURLRequestSerialization.m */; };
		9B76CD0E228BEBBC00372D70 /* AFNetworkReachabilityManager.m in Sources */ = {isa = PBXBuildFile; fileRef = 9B76CD06228BEBBC00372D70 /* AFNetworkReachabilityManager.m */; };
		9B76CD0F228BEBBC00372D70 /* AFSecurityPolicy.m in Sources */ = {isa = PBXBuildFile; fileRef = 9B76CD07228BEBBC00372D70 /* AFSecurityPolicy.m */; };
		9BD64BE122840B7400AB2F0D /* HJDownLoadManager.m in Sources */ = {isa = PBXBuildFile; fileRef = 9BD64BE022840B7400AB2F0D /* HJDownLoadManager.m */; };
/* End PBXBuildFile section */

/* Begin PBXContainerItemProxy section */
		9B3548232282C95D0048CD2C /* PBXContainerItemProxy */ = {
			isa = PBXContainerItemProxy;
			containerPortal = 9B3548022282C95A0048CD2C /* Project object */;
			proxyType = 1;
			remoteGlobalIDString = 9B3548092282C95A0048CD2C;
			remoteInfo = DownloadManager;
		};
		9B35482E2282C95D0048CD2C /* PBXContainerItemProxy */ = {
			isa = PBXContainerItemProxy;
			containerPortal = 9B3548022282C95A0048CD2C /* Project object */;
			proxyType = 1;
			remoteGlobalIDString = 9B3548092282C95A0048CD2C;
			remoteInfo = DownloadManager;
		};
/* End PBXContainerItemProxy section */

/* Begin PBXFileReference section */
		9B0FEAFA229243FE009E84A5 /* CJDownloadModel.h */ = {isa = PBXFileReference; lastKnownFileType = sourcecode.c.h; path = CJDownloadModel.h; sourceTree = "<group>"; };
		9B0FEAFB229243FE009E84A5 /* CJDownloadModel.m */ = {isa = PBXFileReference; lastKnownFileType = sourcecode.c.objc; path = CJDownloadModel.m; sourceTree = "<group>"; };
		9B0FEB092293936C009E84A5 /* ShowTableViewCell.h */ = {isa = PBXFileReference; lastKnownFileType = sourcecode.c.h; path = ShowTableViewCell.h; sourceTree = "<group>"; };
		9B0FEB0A2293936C009E84A5 /* ShowTableViewCell.m */ = {isa = PBXFileReference; lastKnownFileType = sourcecode.c.objc; path = ShowTableViewCell.m; sourceTree = "<group>"; };
		9B0FEB0C2293DEFD009E84A5 /* downPause@2x.png */ = {isa = PBXFileReference; lastKnownFileType = image.png; path = "downPause@2x.png"; sourceTree = "<group>"; };
		9B0FEB0D2293DEFD009E84A5 /* downPause@1x.png */ = {isa = PBXFileReference; lastKnownFileType = image.png; path = "downPause@1x.png"; sourceTree = "<group>"; };
		9B0FEB102293DF1D009E84A5 /* downPlay@2x.png */ = {isa = PBXFileReference; lastKnownFileType = image.png; path = "downPlay@2x.png"; sourceTree = "<group>"; };
		9B0FEB112293DF1E009E84A5 /* downPlay@1x.png */ = {isa = PBXFileReference; lastKnownFileType = image.png; path = "downPlay@1x.png"; sourceTree = "<group>"; };
		9B35480A2282C95A0048CD2C /* DownloadManager.app */ = {isa = PBXFileReference; explicitFileType = wrapper.application; includeInIndex = 0; path = DownloadManager.app; sourceTree = BUILT_PRODUCTS_DIR; };
		9B35480D2282C95A0048CD2C /* AppDelegate.h */ = {isa = PBXFileReference; lastKnownFileType = sourcecode.c.h; path = AppDelegate.h; sourceTree = "<group>"; };
		9B35480E2282C95A0048CD2C /* AppDelegate.m */ = {isa = PBXFileReference; lastKnownFileType = sourcecode.c.objc; path = AppDelegate.m; sourceTree = "<group>"; };
		9B3548102282C95A0048CD2C /* ViewController.h */ = {isa = PBXFileReference; lastKnownFileType = sourcecode.c.h; path = ViewController.h; sourceTree = "<group>"; };
		9B3548112282C95A0048CD2C /* ViewController.m */ = {isa = PBXFileReference; lastKnownFileType = sourcecode.c.objc; path = ViewController.m; sourceTree = "<group>"; };
		9B3548142282C95A0048CD2C /* Base */ = {isa = PBXFileReference; lastKnownFileType = file.storyboard; name = Base; path = Base.lproj/Main.storyboard; sourceTree = "<group>"; };
		9B3548162282C95D0048CD2C /* Assets.xcassets */ = {isa = PBXFileReference; lastKnownFileType = folder.assetcatalog; path = Assets.xcassets; sourceTree = "<group>"; };
		9B3548192282C95D0048CD2C /* Base */ = {isa = PBXFileReference; lastKnownFileType = file.storyboard; name = Base; path = Base.lproj/LaunchScreen.storyboard; sourceTree = "<group>"; };
		9B35481B2282C95D0048CD2C /* Info.plist */ = {isa = PBXFileReference; lastKnownFileType = text.plist.xml; path = Info.plist; sourceTree = "<group>"; };
		9B35481C2282C95D0048CD2C /* main.m */ = {isa = PBXFileReference; lastKnownFileType = sourcecode.c.objc; path = main.m; sourceTree = "<group>"; };
		9B3548222282C95D0048CD2C /* DownloadManagerTests.xctest */ = {isa = PBXFileReference; explicitFileType = wrapper.cfbundle; includeInIndex = 0; path = DownloadManagerTests.xctest; sourceTree = BUILT_PRODUCTS_DIR; };
		9B3548262282C95D0048CD2C /* DownloadManagerTests.m */ = {isa = PBXFileReference; lastKnownFileType = sourcecode.c.objc; path = DownloadManagerTests.m; sourceTree = "<group>"; };
		9B3548282282C95D0048CD2C /* Info.plist */ = {isa = PBXFileReference; lastKnownFileType = text.plist.xml; path = Info.plist; sourceTree = "<group>"; };
		9B35482D2282C95D0048CD2C /* DownloadManagerUITests.xctest */ = {isa = PBXFileReference; explicitFileType = wrapper.cfbundle; includeInIndex = 0; path = DownloadManagerUITests.xctest; sourceTree = BUILT_PRODUCTS_DIR; };
		9B3548312282C95D0048CD2C /* DownloadManagerUITests.m */ = {isa = PBXFileReference; lastKnownFileType = sourcecode.c.objc; path = DownloadManagerUITests.m; sourceTree = "<group>"; };
		9B3548332282C95D0048CD2C /* Info.plist */ = {isa = PBXFileReference; lastKnownFileType = text.plist.xml; path = Info.plist; sourceTree = "<group>"; };
		9B76CCEE228BA7FC00372D70 /* TwoViewController.h */ = {isa = PBXFileReference; lastKnownFileType = sourcecode.c.h; path = TwoViewController.h; sourceTree = "<group>"; };
		9B76CCEF228BA7FC00372D70 /* TwoViewController.m */ = {isa = PBXFileReference; lastKnownFileType = sourcecode.c.objc; path = TwoViewController.m; sourceTree = "<group>"; };
		9B76CCF1228BB14A00372D70 /* DownTableViewCell.h */ = {isa = PBXFileReference; lastKnownFileType = sourcecode.c.h; path = DownTableViewCell.h; sourceTree = "<group>"; };
		9B76CCF2228BB14A00372D70 /* DownTableViewCell.m */ = {isa = PBXFileReference; lastKnownFileType = sourcecode.c.objc; path = DownTableViewCell.m; sourceTree = "<group>"; };
		9B76CCF8228BB8FD00372D70 /* DownloadedController.h */ = {isa = PBXFileReference; lastKnownFileType = sourcecode.c.h; path = DownloadedController.h; sourceTree = "<group>"; };
		9B76CCF9228BB8FD00372D70 /* DownloadedController.m */ = {isa = PBXFileReference; lastKnownFileType = sourcecode.c.objc; path = DownloadedController.m; sourceTree = "<group>"; };
		9B76CCFC228BEBBC00372D70 /* AFSecurityPolicy.h */ = {isa = PBXFileReference; fileEncoding = 4; lastKnownFileType = sourcecode.c.h; path = AFSecurityPolicy.h; sourceTree = "<group>"; };
		9B76CCFD228BEBBC00372D70 /* AFNetworkReachabilityManager.h */ = {isa = PBXFileReference; fileEncoding = 4; lastKnownFileType = sourcecode.c.h; path = AFNetworkReachabilityManager.h; sourceTree = "<group>"; };
		9B76CCFE228BEBBC00372D70 /* AFURLSessionManager.h */ = {isa = PBXFileReference; fileEncoding = 4; lastKnownFileType = sourcecode.c.h; path = AFURLSessionManager.h; sourceTree = "<group>"; };
		9B76CCFF228BEBBC00372D70 /* AFURLRequestSerialization.h */ = {isa = PBXFileReference; fileEncoding = 4; lastKnownFileType = sourcecode.c.h; path = AFURLRequestSerialization.h; sourceTree = "<group>"; };
		9B76CD00228BEBBC00372D70 /* AFURLResponseSerialization.m */ = {isa = PBXFileReference; fileEncoding = 4; lastKnownFileType = sourcecode.c.objc; path = AFURLResponseSerialization.m; sourceTree = "<group>"; };
		9B76CD01228BEBBC00372D70 /* AFHTTPSessionManager.m */ = {isa = PBXFileReference; fileEncoding = 4; lastKnownFileType = sourcecode.c.objc; path = AFHTTPSessionManager.m; sourceTree = "<group>"; };
		9B76CD02228BEBBC00372D70 /* AFURLResponseSerialization.h */ = {isa = PBXFileReference; fileEncoding = 4; lastKnownFileType = sourcecode.c.h; path = AFURLResponseSerialization.h; sourceTree = "<group>"; };
		9B76CD03228BEBBC00372D70 /* AFURLSessionManager.m */ = {isa = PBXFileReference; fileEncoding = 4; lastKnownFileType = sourcecode.c.objc; path = AFURLSessionManager.m; sourceTree = "<group>"; };
		9B76CD04228BEBBC00372D70 /* AFURLRequestSerialization.m */ = {isa = PBXFileReference; fileEncoding = 4; lastKnownFileType = sourcecode.c.objc; path = AFURLRequestSerialization.m; sourceTree = "<group>"; };
		9B76CD05228BEBBC00372D70 /* AFNetworking.h */ = {isa = PBXFileReference; fileEncoding = 4; lastKnownFileType = sourcecode.c.h; path = AFNetworking.h; sourceTree = "<group>"; };
		9B76CD06228BEBBC00372D70 /* AFNetworkReachabilityManager.m */ = {isa = PBXFileReference; fileEncoding = 4; lastKnownFileType = sourcecode.c.objc; path = AFNetworkReachabilityManager.m; sourceTree = "<group>"; };
		9B76CD07228BEBBC00372D70 /* AFSecurityPolicy.m */ = {isa = PBXFileReference; fileEncoding = 4; lastKnownFileType = sourcecode.c.objc; path = AFSecurityPolicy.m; sourceTree = "<group>"; };
		9B76CD08228BEBBC00372D70 /* AFCompatibilityMacros.h */ = {isa = PBXFileReference; fileEncoding = 4; lastKnownFileType = sourcecode.c.h; path = AFCompatibilityMacros.h; sourceTree = "<group>"; };
		9B76CD09228BEBBC00372D70 /* AFHTTPSessionManager.h */ = {isa = PBXFileReference; fileEncoding = 4; lastKnownFileType = sourcecode.c.h; path = AFHTTPSessionManager.h; sourceTree = "<group>"; };
		9BD64BDF22840B7400AB2F0D /* HJDownLoadManager.h */ = {isa = PBXFileReference; lastKnownFileType = sourcecode.c.h; path = HJDownLoadManager.h; sourceTree = "<group>"; };
		9BD64BE022840B7400AB2F0D /* HJDownLoadManager.m */ = {isa = PBXFileReference; lastKnownFileType = sourcecode.c.objc; path = HJDownLoadManager.m; sourceTree = "<group>"; };
/* End PBXFileReference section */

/* Begin PBXFrameworksBuildPhase section */
		9B3548072282C95A0048CD2C /* Frameworks */ = {
			isa = PBXFrameworksBuildPhase;
			buildActionMask = 2147483647;
			files = (
			);
			runOnlyForDeploymentPostprocessing = 0;
		};
		9B35481F2282C95D0048CD2C /* Frameworks */ = {
			isa = PBXFrameworksBuildPhase;
			buildActionMask = 2147483647;
			files = (
			);
			runOnlyForDeploymentPostprocessing = 0;
		};
		9B35482A2282C95D0048CD2C /* Frameworks */ = {
			isa = PBXFrameworksBuildPhase;
			buildActionMask = 2147483647;
			files = (
			);
			runOnlyForDeploymentPostprocessing = 0;
		};
/* End PBXFrameworksBuildPhase section */

/* Begin PBXGroup section */
		9B3548012282C95A0048CD2C = {
			isa = PBXGroup;
			children = (
				9B35480C2282C95A0048CD2C /* DownloadManager */,
				9B3548252282C95D0048CD2C /* DownloadManagerTests */,
				9B3548302282C95D0048CD2C /* DownloadManagerUITests */,
				9B35480B2282C95A0048CD2C /* Products */,
			);
			sourceTree = "<group>";
		};
		9B35480B2282C95A0048CD2C /* Products */ = {
			isa = PBXGroup;
			children = (
				9B35480A2282C95A0048CD2C /* DownloadManager.app */,
				9B3548222282C95D0048CD2C /* DownloadManagerTests.xctest */,
				9B35482D2282C95D0048CD2C /* DownloadManagerUITests.xctest */,
			);
			name = Products;
			sourceTree = "<group>";
		};
		9B35480C2282C95A0048CD2C /* DownloadManager */ = {
			isa = PBXGroup;
			children = (
				9B35480D2282C95A0048CD2C /* AppDelegate.h */,
				9B35480E2282C95A0048CD2C /* AppDelegate.m */,
				9B76CCF4228BB15300372D70 /* 显示页面 */,
				9B76CCF5228BB16A00372D70 /* 正在下载和等待的页面 */,
				9B76CCF7228BB8A600372D70 /* 下载完成页面 */,
				9B76CCF6228BB17C00372D70 /* 下载的工具类 */,
				9B76CCFB228BEBBC00372D70 /* AFNetworking */,
				9B3548132282C95A0048CD2C /* Main.storyboard */,
				9B3548162282C95D0048CD2C /* Assets.xcassets */,
				9B3548182282C95D0048CD2C /* LaunchScreen.storyboard */,
				9B35481B2282C95D0048CD2C /* Info.plist */,
				9B35481C2282C95D0048CD2C /* main.m */,
			);
			path = DownloadManager;
			sourceTree = "<group>";
		};
		9B3548252282C95D0048CD2C /* DownloadManagerTests */ = {
			isa = PBXGroup;
			children = (
				9B3548262282C95D0048CD2C /* DownloadManagerTests.m */,
				9B3548282282C95D0048CD2C /* Info.plist */,
			);
			path = DownloadManagerTests;
			sourceTree = "<group>";
		};
		9B3548302282C95D0048CD2C /* DownloadManagerUITests */ = {
			isa = PBXGroup;
			children = (
				9B3548312282C95D0048CD2C /* DownloadManagerUITests.m */,
				9B3548332282C95D0048CD2C /* Info.plist */,
			);
			path = DownloadManagerUITests;
			sourceTree = "<group>";
		};
		9B76CCF4228BB15300372D70 /* 显示页面 */ = {
			isa = PBXGroup;
			children = (
				9B3548102282C95A0048CD2C /* ViewController.h */,
				9B3548112282C95A0048CD2C /* ViewController.m */,
				9B0FEAFA229243FE009E84A5 /* CJDownloadModel.h */,
				9B0FEAFB229243FE009E84A5 /* CJDownloadModel.m */,
				9B0FEB092293936C009E84A5 /* ShowTableViewCell.h */,
				9B0FEB0A2293936C009E84A5 /* ShowTableViewCell.m */,
			);
			path = "显示页面";
			sourceTree = "<group>";
		};
		9B76CCF5228BB16A00372D70 /* 正在下载和等待的页面 */ = {
			isa = PBXGroup;
			children = (
				9B76CCEE228BA7FC00372D70 /* TwoViewController.h */,
				9B76CCEF228BA7FC00372D70 /* TwoViewController.m */,
				9B76CCF1228BB14A00372D70 /* DownTableViewCell.h */,
				9B76CCF2228BB14A00372D70 /* DownTableViewCell.m */,
				9B0FEB0D2293DEFD009E84A5 /* downPause@1x.png */,
				9B0FEB0C2293DEFD009E84A5 /* downPause@2x.png */,
				9B0FEB112293DF1E009E84A5 /* downPlay@1x.png */,
				9B0FEB102293DF1D009E84A5 /* downPlay@2x.png */,
			);
			path = "正在下载和等待的页面";
			sourceTree = "<group>";
		};
		9B76CCF6228BB17C00372D70 /* 下载的工具类 */ = {
			isa = PBXGroup;
			children = (
				9BD64BDF22840B7400AB2F0D /* HJDownLoadManager.h */,
				9BD64BE022840B7400AB2F0D /* HJDownLoadManager.m */,
			);
			path = "下载的工具类";
			sourceTree = "<group>";
		};
		9B76CCF7228BB8A600372D70 /* 下载完成页面 */ = {
			isa = PBXGroup;
			children = (
				9B76CCF8228BB8FD00372D70 /* DownloadedController.h */,
				9B76CCF9228BB8FD00372D70 /* DownloadedController.m */,
			);
			path = "下载完成页面";
			sourceTree = "<group>";
		};
		9B76CCFB228BEBBC00372D70 /* AFNetworking */ = {
			isa = PBXGroup;
			children = (
				9B76CD09228BEBBC00372D70 /* AFHTTPSessionManager.h */,
				9B76CD01228BEBBC00372D70 /* AFHTTPSessionManager.m */,
				9B76CCFE228BEBBC00372D70 /* AFURLSessionManager.h */,
				9B76CD03228BEBBC00372D70 /* AFURLSessionManager.m */,
				9B76CCFC228BEBBC00372D70 /* AFSecurityPolicy.h */,
				9B76CCFD228BEBBC00372D70 /* AFNetworkReachabilityManager.h */,
				9B76CCFF228BEBBC00372D70 /* AFURLRequestSerialization.h */,
				9B76CD00228BEBBC00372D70 /* AFURLResponseSerialization.m */,
				9B76CD02228BEBBC00372D70 /* AFURLResponseSerialization.h */,
				9B76CD04228BEBBC00372D70 /* AFURLRequestSerialization.m */,
				9B76CD05228BEBBC00372D70 /* AFNetworking.h */,
				9B76CD06228BEBBC00372D70 /* AFNetworkReachabilityManager.m */,
				9B76CD07228BEBBC00372D70 /* AFSecurityPolicy.m */,
				9B76CD08228BEBBC00372D70 /* AFCompatibilityMacros.h */,
			);
			path = AFNetworking;
			sourceTree = "<group>";
		};
/* End PBXGroup section */

/* Begin PBXNativeTarget section */
		9B3548092282C95A0048CD2C /* DownloadManager */ = {
			isa = PBXNativeTarget;
			buildConfigurationList = 9B3548362282C95D0048CD2C /* Build configuration list for PBXNativeTarget "DownloadManager" */;
			buildPhases = (
				9B3548062282C95A0048CD2C /* Sources */,
				9B3548072282C95A0048CD2C /* Frameworks */,
				9B3548082282C95A0048CD2C /* Resources */,
			);
			buildRules = (
			);
			dependencies = (
			);
			name = DownloadManager;
			productName = DownloadManager;
			productReference = 9B35480A2282C95A0048CD2C /* DownloadManager.app */;
			productType = "com.apple.product-type.application";
		};
		9B3548212282C95D0048CD2C /* DownloadManagerTests */ = {
			isa = PBXNativeTarget;
			buildConfigurationList = 9B3548392282C95D0048CD2C /* Build configuration list for PBXNativeTarget "DownloadManagerTests" */;
			buildPhases = (
				9B35481E2282C95D0048CD2C /* Sources */,
				9B35481F2282C95D0048CD2C /* Frameworks */,
				9B3548202282C95D0048CD2C /* Resources */,
			);
			buildRules = (
			);
			dependencies = (
				9B3548242282C95D0048CD2C /* PBXTargetDependency */,
			);
			name = DownloadManagerTests;
			productName = DownloadManagerTests;
			productReference = 9B3548222282C95D0048CD2C /* DownloadManagerTests.xctest */;
			productType = "com.apple.product-type.bundle.unit-test";
		};
		9B35482C2282C95D0048CD2C /* DownloadManagerUITests */ = {
			isa = PBXNativeTarget;
			buildConfigurationList = 9B35483C2282C95D0048CD2C /* Build configuration list for PBXNativeTarget "DownloadManagerUITests" */;
			buildPhases = (
				9B3548292282C95D0048CD2C /* Sources */,
				9B35482A2282C95D0048CD2C /* Frameworks */,
				9B35482B2282C95D0048CD2C /* Resources */,
			);
			buildRules = (
			);
			dependencies = (
				9B35482F2282C95D0048CD2C /* PBXTargetDependency */,
			);
			name = DownloadManagerUITests;
			productName = DownloadManagerUITests;
			productReference = 9B35482D2282C95D0048CD2C /* DownloadManagerUITests.xctest */;
			productType = "com.apple.product-type.bundle.ui-testing";
		};
/* End PBXNativeTarget section */

/* Begin PBXProject section */
		9B3548022282C95A0048CD2C /* Project object */ = {
			isa = PBXProject;
			attributes = {
				LastUpgradeCheck = 1010;
				ORGANIZATIONNAME = "王景伟";
				TargetAttributes = {
					9B3548092282C95A0048CD2C = {
						CreatedOnToolsVersion = 10.1;
					};
					9B3548212282C95D0048CD2C = {
						CreatedOnToolsVersion = 10.1;
						TestTargetID = 9B3548092282C95A0048CD2C;
					};
					9B35482C2282C95D0048CD2C = {
						CreatedOnToolsVersion = 10.1;
						TestTargetID = 9B3548092282C95A0048CD2C;
					};
				};
			};
			buildConfigurationList = 9B3548052282C95A0048CD2C /* Build configuration list for PBXProject "DownloadManager" */;
			compatibilityVersion = "Xcode 9.3";
			developmentRegion = en;
			hasScannedForEncodings = 0;
			knownRegions = (
				en,
				Base,
			);
			mainGroup = 9B3548012282C95A0048CD2C;
			productRefGroup = 9B35480B2282C95A0048CD2C /* Products */;
			projectDirPath = "";
			projectRoot = "";
			targets = (
				9B3548092282C95A0048CD2C /* DownloadManager */,
				9B3548212282C95D0048CD2C /* DownloadManagerTests */,
				9B35482C2282C95D0048CD2C /* DownloadManagerUITests */,
			);
		};
/* End PBXProject section */

/* Begin PBXResourcesBuildPhase section */
		9B3548082282C95A0048CD2C /* Resources */ = {
			isa = PBXResourcesBuildPhase;
			buildActionMask = 2147483647;
			files = (
				9B0FEB132293DF1E009E84A5 /* downPlay@1x.png in Resources */,
				9B0FEB0F2293DEFD009E84A5 /* downPause@1x.png in Resources */,
				9B0FEB122293DF1E009E84A5 /* downPlay@2x.png in Resources */,
				9B0FEB0E2293DEFD009E84A5 /* downPause@2x.png in Resources */,
				9B35481A2282C95D0048CD2C /* LaunchScreen.storyboard in Resources */,
				9B3548172282C95D0048CD2C /* Assets.xcassets in Resources */,
				9B3548152282C95A0048CD2C /* Main.storyboard in Resources */,
			);
			runOnlyForDeploymentPostprocessing = 0;
		};
		9B3548202282C95D0048CD2C /* Resources */ = {
			isa = PBXResourcesBuildPhase;
			buildActionMask = 2147483647;
			files = (
			);
			runOnlyForDeploymentPostprocessing = 0;
		};
		9B35482B2282C95D0048CD2C /* Resources */ = {
			isa = PBXResourcesBuildPhase;
			buildActionMask = 2147483647;
			files = (
			);
			runOnlyForDeploymentPostprocessing = 0;
		};
/* End PBXResourcesBuildPhase section */

/* Begin PBXSourcesBuildPhase section */
		9B3548062282C95A0048CD2C /* Sources */ = {
			isa = PBXSourcesBuildPhase;
			buildActionMask = 2147483647;
			files = (
				9B3548122282C95A0048CD2C /* ViewController.m in Sources */,
				9B0FEAFC229243FE009E84A5 /* CJDownloadModel.m in Sources */,
				9B35481D2282C95D0048CD2C /* main.m in Sources */,
				9B35480F2282C95A0048CD2C /* AppDelegate.m in Sources */,
				9B0FEB0B2293936C009E84A5 /* ShowTableViewCell.m in Sources */,
				9B76CD0B228BEBBC00372D70 /* AFHTTPSessionManager.m in Sources */,
				9B76CCF0228BA7FC00372D70 /* TwoViewController.m in Sources */,
				9B76CD0C228BEBBC00372D70 /* AFURLSessionManager.m in Sources */,
				9B76CCFA228BB8FD00372D70 /* DownloadedController.m in Sources */,
				9B76CD0D228BEBBC00372D70 /* AFURLRequestSerialization.m in Sources */,
				9B76CCF3228BB14A00372D70 /* DownTableViewCell.m in Sources */,
				9B76CD0F228BEBBC00372D70 /* AFSecurityPolicy.m in Sources */,
				9B76CD0A228BEBBC00372D70 /* AFURLResponseSerialization.m in Sources */,
				9B76CD0E228BEBBC00372D70 /* AFNetworkReachabilityManager.m in Sources */,
				9BD64BE122840B7400AB2F0D /* HJDownLoadManager.m in Sources */,
			);
			runOnlyForDeploymentPostprocessing = 0;
		};
		9B35481E2282C95D0048CD2C /* Sources */ = {
			isa = PBXSourcesBuildPhase;
			buildActionMask = 2147483647;
			files = (
				9B3548272282C95D0048CD2C /* DownloadManagerTests.m in Sources */,
			);
			runOnlyForDeploymentPostprocessing = 0;
		};
		9B3548292282C95D0048CD2C /* Sources */ = {
			isa = PBXSourcesBuildPhase;
			buildActionMask = 2147483647;
			files = (
				9B3548322282C95D0048CD2C /* DownloadManagerUITests.m in Sources */,
			);
			runOnlyForDeploymentPostprocessing = 0;
		};
/* End PBXSourcesBuildPhase section */

/* Begin PBXTargetDependency section */
		9B3548242282C95D0048CD2C /* PBXTargetDependency */ = {
			isa = PBXTargetDependency;
			target = 9B3548092282C95A0048CD2C /* DownloadManager */;
			targetProxy = 9B3548232282C95D0048CD2C /* PBXContainerItemProxy */;
		};
		9B35482F2282C95D0048CD2C /* PBXTargetDependency */ = {
			isa = PBXTargetDependency;
			target = 9B3548092282C95A0048CD2C /* DownloadManager */;
			targetProxy = 9B35482E2282C95D0048CD2C /* PBXContainerItemProxy */;
		};
/* End PBXTargetDependency section */

/* Begin PBXVariantGroup section */
		9B3548132282C95A0048CD2C /* Main.storyboard */ = {
			isa = PBXVariantGroup;
			children = (
				9B3548142282C95A0048CD2C /* Base */,
			);
			name = Main.storyboard;
			sourceTree = "<group>";
		};
		9B3548182282C95D0048CD2C /* LaunchScreen.storyboard */ = {
			isa = PBXVariantGroup;
			children = (
				9B3548192282C95D0048CD2C /* Base */,
			);
			name = LaunchScreen.storyboard;
			sourceTree = "<group>";
		};
/* End PBXVariantGroup section */

/* Begin XCBuildConfiguration section */
		9B3548342282C95D0048CD2C /* Debug */ = {
			isa = XCBuildConfiguration;
			buildSettings = {
				ALWAYS_SEARCH_USER_PATHS = NO;
				CLANG_ANALYZER_NONNULL = YES;
				CLANG_ANALYZER_NUMBER_OBJECT_CONVERSION = YES_AGGRESSIVE;
				CLANG_CXX_LANGUAGE_STANDARD = "gnu++14";
				CLANG_CXX_LIBRARY = "libc++";
				CLANG_ENABLE_MODULES = YES;
				CLANG_ENABLE_OBJC_ARC = YES;
				CLANG_ENABLE_OBJC_WEAK = YES;
				CLANG_WARN_BLOCK_CAPTURE_AUTORELEASING = YES;
				CLANG_WARN_BOOL_CONVERSION = YES;
				CLANG_WARN_COMMA = YES;
				CLANG_WARN_CONSTANT_CONVERSION = YES;
				CLANG_WARN_DEPRECATED_OBJC_IMPLEMENTATIONS = YES;
				CLANG_WARN_DIRECT_OBJC_ISA_USAGE = YES_ERROR;
				CLANG_WARN_DOCUMENTATION_COMMENTS = YES;
				CLANG_WARN_EMPTY_BODY = YES;
				CLANG_WARN_ENUM_CONVERSION = YES;
				CLANG_WARN_INFINITE_RECURSION = YES;
				CLANG_WARN_INT_CONVERSION = YES;
				CLANG_WARN_NON_LITERAL_NULL_CONVERSION = YES;
				CLANG_WARN_OBJC_IMPLICIT_RETAIN_SELF = YES;
				CLANG_WARN_OBJC_LITERAL_CONVERSION = YES;
				CLANG_WARN_OBJC_ROOT_CLASS = YES_ERROR;
				CLANG_WARN_RANGE_LOOP_ANALYSIS = YES;
				CLANG_WARN_STRICT_PROTOTYPES = YES;
				CLANG_WARN_SUSPICIOUS_MOVE = YES;
				CLANG_WARN_UNGUARDED_AVAILABILITY = YES_AGGRESSIVE;
				CLANG_WARN_UNREACHABLE_CODE = YES;
				CLANG_WARN__DUPLICATE_METHOD_MATCH = YES;
				CODE_SIGN_IDENTITY = "iPhone Developer";
				COPY_PHASE_STRIP = NO;
				DEBUG_INFORMATION_FORMAT = dwarf;
				ENABLE_STRICT_OBJC_MSGSEND = YES;
				ENABLE_TESTABILITY = YES;
				GCC_C_LANGUAGE_STANDARD = gnu11;
				GCC_DYNAMIC_NO_PIC = NO;
				GCC_NO_COMMON_BLOCKS = YES;
				GCC_OPTIMIZATION_LEVEL = 0;
				GCC_PREPROCESSOR_DEFINITIONS = (
					"DEBUG=1",
					"$(inherited)",
				);
				GCC_WARN_64_TO_32_BIT_CONVERSION = YES;
				GCC_WARN_ABOUT_RETURN_TYPE = YES_ERROR;
				GCC_WARN_UNDECLARED_SELECTOR = YES;
				GCC_WARN_UNINITIALIZED_AUTOS = YES_AGGRESSIVE;
				GCC_WARN_UNUSED_FUNCTION = YES;
				GCC_WARN_UNUSED_VARIABLE = YES;
				IPHONEOS_DEPLOYMENT_TARGET = 12.1;
				MTL_ENABLE_DEBUG_INFO = INCLUDE_SOURCE;
				MTL_FAST_MATH = YES;
				ONLY_ACTIVE_ARCH = YES;
				SDKROOT = iphoneos;
			};
			name = Debug;
		};
		9B3548352282C95D0048CD2C /* Release */ = {
			isa = XCBuildConfiguration;
			buildSettings = {
				ALWAYS_SEARCH_USER_PATHS = NO;
				CLANG_ANALYZER_NONNULL = YES;
				CLANG_ANALYZER_NUMBER_OBJECT_CONVERSION = YES_AGGRESSIVE;
				CLANG_CXX_LANGUAGE_STANDARD = "gnu++14";
				CLANG_CXX_LIBRARY = "libc++";
				CLANG_ENABLE_MODULES = YES;
				CLANG_ENABLE_OBJC_ARC = YES;
				CLANG_ENABLE_OBJC_WEAK = YES;
				CLANG_WARN_BLOCK_CAPTURE_AUTORELEASING = YES;
				CLANG_WARN_BOOL_CONVERSION = YES;
				CLANG_WARN_COMMA = YES;
				CLANG_WARN_CONSTANT_CONVERSION = YES;
				CLANG_WARN_DEPRECATED_OBJC_IMPLEMENTATIONS = YES;
				CLANG_WARN_DIRECT_OBJC_ISA_USAGE = YES_ERROR;
				CLANG_WARN_DOCUMENTATION_COMMENTS = YES;
				CLANG_WARN_EMPTY_BODY = YES;
				CLANG_WARN_ENUM_CONVERSION = YES;
				CLANG_WARN_INFINITE_RECURSION = YES;
				CLANG_WARN_INT_CONVERSION = YES;
				CLANG_WARN_NON_LITERAL_NULL_CONVERSION = YES;
				CLANG_WARN_OBJC_IMPLICIT_RETAIN_SELF = YES;
				CLANG_WARN_OBJC_LITERAL_CONVERSION = YES;
				CLANG_WARN_OBJC_ROOT_CLASS = YES_ERROR;
				CLANG_WARN_RANGE_LOOP_ANALYSIS = YES;
				CLANG_WARN_STRICT_PROTOTYPES = YES;
				CLANG_WARN_SUSPICIOUS_MOVE = YES;
				CLANG_WARN_UNGUARDED_AVAILABILITY = YES_AGGRESSIVE;
				CLANG_WARN_UNREACHABLE_CODE = YES;
				CLANG_WARN__DUPLICATE_METHOD_MATCH = YES;
				CODE_SIGN_IDENTITY = "iPhone Developer";
				COPY_PHASE_STRIP = NO;
				DEBUG_INFORMATION_FORMAT = "dwarf-with-dsym";
				ENABLE_NS_ASSERTIONS = NO;
				ENABLE_STRICT_OBJC_MSGSEND = YES;
				GCC_C_LANGUAGE_STANDARD = gnu11;
				GCC_NO_COMMON_BLOCKS = YES;
				GCC_WARN_64_TO_32_BIT_CONVERSION = YES;
				GCC_WARN_ABOUT_RETURN_TYPE = YES_ERROR;
				GCC_WARN_UNDECLARED_SELECTOR = YES;
				GCC_WARN_UNINITIALIZED_AUTOS = YES_AGGRESSIVE;
				GCC_WARN_UNUSED_FUNCTION = YES;
				GCC_WARN_UNUSED_VARIABLE = YES;
				IPHONEOS_DEPLOYMENT_TARGET = 12.1;
				MTL_ENABLE_DEBUG_INFO = NO;
				MTL_FAST_MATH = YES;
				SDKROOT = iphoneos;
				VALIDATE_PRODUCT = YES;
			};
			name = Release;
		};
		9B3548372282C95D0048CD2C /* Debug */ = {
			isa = XCBuildConfiguration;
			buildSettings = {
				ASSETCATALOG_COMPILER_APPICON_NAME = AppIcon;
				CODE_SIGN_STYLE = Manual;
				DEVELOPMENT_TEAM = 3FEA4VKGS4;
				INFOPLIST_FILE = DownloadManager/Info.plist;
				IPHONEOS_DEPLOYMENT_TARGET = 12.0;
				LD_RUNPATH_SEARCH_PATHS = (
					"$(inherited)",
					"@executable_path/Frameworks",
				);
				PRODUCT_BUNDLE_IDENTIFIER = com.cctv.ipad.mobiletv;
				PRODUCT_NAME = "$(TARGET_NAME)";
				PROVISIONING_PROFILE_SPECIFIER = app_mobiletv_ipad_dabao;
				TARGETED_DEVICE_FAMILY = "1,2";
			};
			name = Debug;
		};
		9B3548382282C95D0048CD2C /* Release */ = {
			isa = XCBuildConfiguration;
			buildSettings = {
				ASSETCATALOG_COMPILER_APPICON_NAME = AppIcon;
				CODE_SIGN_STYLE = Manual;
				DEVELOPMENT_TEAM = 3FEA4VKGS4;
				INFOPLIST_FILE = DownloadManager/Info.plist;
				IPHONEOS_DEPLOYMENT_TARGET = 12.0;
				LD_RUNPATH_SEARCH_PATHS = (
					"$(inherited)",
					"@executable_path/Frameworks",
				);
				PRODUCT_BUNDLE_IDENTIFIER = com.cctv.ipad.mobiletv;
				PRODUCT_NAME = "$(TARGET_NAME)";
				PROVISIONING_PROFILE_SPECIFIER = app_mobiletv_ipad_dabao;
				TARGETED_DEVICE_FAMILY = "1,2";
			};
			name = Release;
		};
		9B35483A2282C95D0048CD2C /* Debug */ = {
			isa = XCBuildConfiguration;
			buildSettings = {
				BUNDLE_LOADER = "$(TEST_HOST)";
				CODE_SIGN_STYLE = Automatic;
				INFOPLIST_FILE = DownloadManagerTests/Info.plist;
				LD_RUNPATH_SEARCH_PATHS = (
					"$(inherited)",
					"@executable_path/Frameworks",
					"@loader_path/Frameworks",
				);
				PRODUCT_BUNDLE_IDENTIFIER = www.yyjs.com.DownloadManagerTests;
				PRODUCT_NAME = "$(TARGET_NAME)";
				TARGETED_DEVICE_FAMILY = "1,2";
				TEST_HOST = "$(BUILT_PRODUCTS_DIR)/DownloadManager.app/DownloadManager";
			};
			name = Debug;
		};
		9B35483B2282C95D0048CD2C /* Release */ = {
			isa = XCBuildConfiguration;
			buildSettings = {
				BUNDLE_LOADER = "$(TEST_HOST)";
				CODE_SIGN_STYLE = Automatic;
				INFOPLIST_FILE = DownloadManagerTests/Info.plist;
				LD_RUNPATH_SEARCH_PATHS = (
					"$(inherited)",
					"@executable_path/Frameworks",
					"@loader_path/Frameworks",
				);
				PRODUCT_BUNDLE_IDENTIFIER = www.yyjs.com.DownloadManagerTests;
				PRODUCT_NAME = "$(TARGET_NAME)";
				TARGETED_DEVICE_FAMILY = "1,2";
				TEST_HOST = "$(BUILT_PRODUCTS_DIR)/DownloadManager.app/DownloadManager";
			};
			name = Release;
		};
		9B35483D2282C95D0048CD2C /* Debug */ = {
			isa = XCBuildConfiguration;
			buildSettings = {
				CODE_SIGN_STYLE = Automatic;
				INFOPLIST_FILE = DownloadManagerUITests/Info.plist;
				LD_RUNPATH_SEARCH_PATHS = (
					"$(inherited)",
					"@executable_path/Frameworks",
					"@loader_path/Frameworks",
				);
				PRODUCT_BUNDLE_IDENTIFIER = www.yyjs.com.DownloadManagerUITests;
				PRODUCT_NAME = "$(TARGET_NAME)";
				TARGETED_DEVICE_FAMILY = "1,2";
				TEST_TARGET_NAME = DownloadManager;
			};
			name = Debug;
		};
		9B35483E2282C95D0048CD2C /* Release */ = {
			isa = XCBuildConfiguration;
			buildSettings = {
				CODE_SIGN_STYLE = Automatic;
				INFOPLIST_FILE = DownloadManagerUITests/Info.plist;
				LD_RUNPATH_SEARCH_PATHS = (
					"$(inherited)",
					"@executable_path/Frameworks",
					"@loader_path/Frameworks",
				);
				PRODUCT_BUNDLE_IDENTIFIER = www.yyjs.com.DownloadManagerUITests;
				PRODUCT_NAME = "$(TARGET_NAME)";
				TARGETED_DEVICE_FAMILY = "1,2";
				TEST_TARGET_NAME = DownloadManager;
			};
			name = Release;
		};
/* End XCBuildConfiguration section */

/* Begin XCConfigurationList section */
		9B3548052282C95A0048CD2C /* Build configuration list for PBXProject "DownloadManager" */ = {
			isa = XCConfigurationList;
			buildConfigurations = (
				9B3548342282C95D0048CD2C /* Debug */,
				9B3548352282C95D0048CD2C /* Release */,
			);
			defaultConfigurationIsVisible = 0;
			defaultConfigurationName = Release;
		};
		9B3548362282C95D0048CD2C /* Build configuration list for PBXNativeTarget "DownloadManager" */ = {
			isa = XCConfigurationList;
			buildConfigurations = (
				9B3548372282C95D0048CD2C /* Debug */,
				9B3548382282C95D0048CD2C /* Release */,
			);
			defaultConfigurationIsVisible = 0;
			defaultConfigurationName = Release;
		};
		9B3548392282C95D0048CD2C /* Build configuration list for PBXNativeTarget "DownloadManagerTests" */ = {
			isa = XCConfigurationList;
			buildConfigurations = (
				9B35483A2282C95D0048CD2C /* Debug */,
				9B35483B2282C95D0048CD2C /* Release */,
			);
			defaultConfigurationIsVisible = 0;
			defaultConfigurationName = Release;
		};
		9B35483C2282C95D0048CD2C /* Build configuration list for PBXNativeTarget "DownloadManagerUITests" */ = {
			isa = XCConfigurationList;
			buildConfigurations = (
				9B35483D2282C95D0048CD2C /* Debug */,
				9B35483E2282C95D0048CD2C /* Release */,
			);
			defaultConfigurationIsVisible = 0;
			defaultConfigurationName = Release;
		};
/* End XCConfigurationList section */
	};
	rootObject = 9B3548022282C95A0048CD2C /* Project object */;
}
